
Microsoft Visual Studio Solution File, Format Version 12.00
# Visual Studio 15
VisualStudioVersion = 15.0.28010.2016
MinimumVisualStudioVersion = 10.0.40219.1
Project("{FAE04EC0-301F-11D3-BF4B-00C04F79EFBC}") = "FirstProgram", "FirstProgram\FirstProgram.csproj", "{C189556C-9F89-46ED-B374-34DE5A97385D}"
EndProject
Global
	GlobalSection(SolutionConfigurationPlatforms) = preSolution
		Debug|Any CPU = Debug|Any CPU
		Release|Any CPU = Release|Any CPU
	EndGlobalSection
	GlobalSection(ProjectConfigurationPlatforms) = postSolution
		{C189556C-9F89-46ED-B374-34DE5A97385D}.Debug|Any CPU.ActiveCfg = Debug|Any CPU
		{C189556C-9F89-46ED-B374-34DE5A97385D}.Debug|Any CPU.Build.0 = Debug|Any CPU
		{C189556C-9F89-46ED-B374-34DE5A97385D}.Release|Any CPU.ActiveCfg = Release|Any CPU
		{C189556C-9F89-46ED-B374-34DE5A97385D}.Release|Any CPU.Build.0 = Release|Any CPU
	EndGlobalSection
	GlobalSection(SolutionProperties) = preSolution
		HideSolutionNode = FALSE
	EndGlobalSection
	GlobalSection(ExtensibilityGlobals) = postSolution
		SolutionGuid = {00835A27-3529-40B3-B074-6597D4D581FD}
	EndGlobalSection
EndGlobal
